
Microsoft Visual Studio Solution File, Format Version 12.00
# Visual Studio 15
VisualStudioVersion = 15.0.26228.9
MinimumVisualStudioVersion = 10.0.40219.1
Project("{FAE04EC0-301F-11D3-BF4B-00C04F79EFBC}") = "EagleEye", "EagleEye\EagleEye.csproj", "{EAD42434-DC1F-4304-8419-AF3445722462}"
EndProject
Project("{FAE04EC0-301F-11D3-BF4B-00C04F79EFBC}") = "DataAccess", "DataAccess\DataAccess.csproj", "{61AA9C32-3930-4F3C-8812-3A1354625294}"
EndProject
Global
	GlobalSection(SolutionConfigurationPlatforms) = preSolution
		Debug|Any CPU = Debug|Any CPU
		Release|Any CPU = Release|Any CPU
	EndGlobalSection
	GlobalSection(ProjectConfigurationPlatforms) = postSolution
		{EAD42434-DC1F-4304-8419-AF3445722462}.Debug|Any CPU.ActiveCfg = Debug|Any CPU
		{EAD42434-DC1F-4304-8419-AF3445722462}.Debug|Any CPU.Build.0 = Debug|Any CPU
		{EAD42434-DC1F-4304-8419-AF3445722462}.Release|Any CPU.ActiveCfg = Release|Any CPU
		{EAD42434-DC1F-4304-8419-AF3445722462}.Release|Any CPU.Build.0 = Release|Any CPU
		{61AA9C32-3930-4F3C-8812-3A1354625294}.Debug|Any CPU.ActiveCfg = Debug|Any CPU
		{61AA9C32-3930-4F3C-8812-3A1354625294}.Debug|Any CPU.Build.0 = Debug|Any CPU
		{61AA9C32-3930-4F3C-8812-3A1354625294}.Release|Any CPU.ActiveCfg = Release|Any CPU
		{61AA9C32-3930-4F3C-8812-3A1354625294}.Release|Any CPU.Build.0 = Release|Any CPU
	EndGlobalSection
	GlobalSection(SolutionProperties) = preSolution
		HideSolutionNode = FALSE
	EndGlobalSection
	GlobalSection(ExtensibilityGlobals) = postSolution
		SolutionGuid = {7A4319A2-7B85-4A67-AE52-4784165580C1}
	EndGlobalSection
EndGlobal
